
Microsoft Visual Studio Solution File, Format Version 12.00
# Visual Studio Version 16
VisualStudioVersion = 16.0.32106.194
MinimumVisualStudioVersion = 10.0.40219.1
Project("{FAE04EC0-301F-11D3-BF4B-00C04F79EFBC}") = "ClassLibraryPassword", "ClassLibraryPassword\ClassLibraryPassword.csproj", "{936D6961-E469-4783-BB38-091497F777E9}"
EndProject
Project("{FAE04EC0-301F-11D3-BF4B-00C04F79EFBC}") = "ClassLibraryPasswordTests", "ClassLibraryPasswordTests\ClassLibraryPasswordTests.csproj", "{2076A4CA-8784-4E91-82E1-BF3B6ACC39CB}"
EndProject
Global
	GlobalSection(SolutionConfigurationPlatforms) = preSolution
		Debug|Any CPU = Debug|Any CPU
		Release|Any CPU = Release|Any CPU
	EndGlobalSection
	GlobalSection(ProjectConfigurationPlatforms) = postSolution
		{936D6961-E469-4783-BB38-091497F777E9}.Debug|Any CPU.ActiveCfg = Debug|Any CPU
		{936D6961-E469-4783-BB38-091497F777E9}.Debug|Any CPU.Build.0 = Debug|Any CPU
		{936D6961-E469-4783-BB38-091497F777E9}.Release|Any CPU.ActiveCfg = Release|Any CPU
		{936D6961-E469-4783-BB38-091497F777E9}.Release|Any CPU.Build.0 = Release|Any CPU
		{2076A4CA-8784-4E91-82E1-BF3B6ACC39CB}.Debug|Any CPU.ActiveCfg = Debug|Any CPU
		{2076A4CA-8784-4E91-82E1-BF3B6ACC39CB}.Debug|Any CPU.Build.0 = Debug|Any CPU
		{2076A4CA-8784-4E91-82E1-BF3B6ACC39CB}.Release|Any CPU.ActiveCfg = Release|Any CPU
		{2076A4CA-8784-4E91-82E1-BF3B6ACC39CB}.Release|Any CPU.Build.0 = Release|Any CPU
	EndGlobalSection
	GlobalSection(SolutionProperties) = preSolution
		HideSolutionNode = FALSE
	EndGlobalSection
	GlobalSection(ExtensibilityGlobals) = postSolution
		SolutionGuid = {A2C3CD4F-49F2-4A66-80F4-616F089C0084}
	EndGlobalSection
EndGlobal
